
Microsoft Visual Studio Solution File, Format Version 12.00
# Visual Studio Version 16
VisualStudioVersion = 16.0.31729.503
MinimumVisualStudioVersion = 10.0.40219.1
Project("{9A19103F-16F7-4668-BE54-9A1E7A4F7556}") = "HHPool.App", "HHPool.App.csproj", "{7BB10F2E-44C8-4342-AA9C-7343D073607D}"
EndProject
Global
	GlobalSection(SolutionConfigurationPlatforms) = preSolution
		Debug|Any CPU = Debug|Any CPU
		Release|Any CPU = Release|Any CPU
	EndGlobalSection
	GlobalSection(ProjectConfigurationPlatforms) = postSolution
		{7BB10F2E-44C8-4342-AA9C-7343D073607D}.Debug|Any CPU.ActiveCfg = Debug|Any CPU
		{7BB10F2E-44C8-4342-AA9C-7343D073607D}.Debug|Any CPU.Build.0 = Debug|Any CPU
		{7BB10F2E-44C8-4342-AA9C-7343D073607D}.Release|Any CPU.ActiveCfg = Release|Any CPU
		{7BB10F2E-44C8-4342-AA9C-7343D073607D}.Release|Any CPU.Build.0 = Release|Any CPU
	EndGlobalSection
	GlobalSection(SolutionProperties) = preSolution
		HideSolutionNode = FALSE
	EndGlobalSection
	GlobalSection(ExtensibilityGlobals) = postSolution
		SolutionGuid = {9B6AAC0F-A133-4B20-A923-E06C94A41040}
	EndGlobalSection
EndGlobal
